
Microsoft Visual Studio Solution File, Format Version 12.00
# Visual Studio Version 16
VisualStudioVersion = 16.0.32002.261
MinimumVisualStudioVersion = 10.0.40219.1
Project("{FAE04EC0-301F-11D3-BF4B-00C04F79EFBC}") = "QLKS", "QLKS\QLKS.csproj", "{B56FFE09-EA0A-4B43-8813-0476BD9B29FF}"
EndProject
Global
	GlobalSection(SolutionConfigurationPlatforms) = preSolution
		Debug|Any CPU = Debug|Any CPU
		Release|Any CPU = Release|Any CPU
	EndGlobalSection
	GlobalSection(ProjectConfigurationPlatforms) = postSolution
		{B56FFE09-EA0A-4B43-8813-0476BD9B29FF}.Debug|Any CPU.ActiveCfg = Debug|Any CPU
		{B56FFE09-EA0A-4B43-8813-0476BD9B29FF}.Debug|Any CPU.Build.0 = Debug|Any CPU
		{B56FFE09-EA0A-4B43-8813-0476BD9B29FF}.Release|Any CPU.ActiveCfg = Release|Any CPU
		{B56FFE09-EA0A-4B43-8813-0476BD9B29FF}.Release|Any CPU.Build.0 = Release|Any CPU
	EndGlobalSection
	GlobalSection(SolutionProperties) = preSolution
		HideSolutionNode = FALSE
	EndGlobalSection
	GlobalSection(ExtensibilityGlobals) = postSolution
		SolutionGuid = {EA8D430E-7857-4070-A329-93BA19D3FA6F}
	EndGlobalSection
EndGlobal
